
Microsoft Visual Studio Solution File, Format Version 12.00
# Visual Studio Version 17
VisualStudioVersion = 17.0.32112.339
MinimumVisualStudioVersion = 10.0.40219.1
Project("{FAE04EC0-301F-11D3-BF4B-00C04F79EFBC}") = "DemoCrud", "DemoCrud\DemoCrud.csproj", "{D9A75B8B-968E-499C-B45D-E3AF10E23ACF}"
EndProject
Project("{FAE04EC0-301F-11D3-BF4B-00C04F79EFBC}") = "DAL", "DAL\DAL.csproj", "{712ECF6C-9558-4CE0-8AAB-BBA234FC727E}"
EndProject
Global
	GlobalSection(SolutionConfigurationPlatforms) = preSolution
		Debug|Any CPU = Debug|Any CPU
		Release|Any CPU = Release|Any CPU
	EndGlobalSection
	GlobalSection(ProjectConfigurationPlatforms) = postSolution
		{D9A75B8B-968E-499C-B45D-E3AF10E23ACF}.Debug|Any CPU.ActiveCfg = Debug|Any CPU
		{D9A75B8B-968E-499C-B45D-E3AF10E23ACF}.Debug|Any CPU.Build.0 = Debug|Any CPU
		{D9A75B8B-968E-499C-B45D-E3AF10E23ACF}.Release|Any CPU.ActiveCfg = Release|Any CPU
		{D9A75B8B-968E-499C-B45D-E3AF10E23ACF}.Release|Any CPU.Build.0 = Release|Any CPU
		{712ECF6C-9558-4CE0-8AAB-BBA234FC727E}.Debug|Any CPU.ActiveCfg = Debug|Any CPU
		{712ECF6C-9558-4CE0-8AAB-BBA234FC727E}.Debug|Any CPU.Build.0 = Debug|Any CPU
		{712ECF6C-9558-4CE0-8AAB-BBA234FC727E}.Release|Any CPU.ActiveCfg = Release|Any CPU
		{712ECF6C-9558-4CE0-8AAB-BBA234FC727E}.Release|Any CPU.Build.0 = Release|Any CPU
	EndGlobalSection
	GlobalSection(SolutionProperties) = preSolution
		HideSolutionNode = FALSE
	EndGlobalSection
	GlobalSection(ExtensibilityGlobals) = postSolution
		SolutionGuid = {ECEA8E7B-E04B-41B3-A1DB-FFCBE8D1C2C5}
	EndGlobalSection
EndGlobal
